# This file is autogenerated, do not edit; changes may be undone by the next 'dep ensure'.


[[projects]]
  branch = "master"
  name = "github.com/kelseyhightower/envconfig"
  packages = ["."]
  revision = "b6fde1625d631a48340817849a547164f395d9eb"

[[projects]]
  branch = "master"
  name = "github.com/nlopes/slack"
  packages = ["."]
  revision = "72d15a0fc0b773a59c00f78b9e7d97eeb8c4281f"

[[projects]]
  branch = "master"
  name = "golang.org/x/net"
  packages = [
    "html",
    "html/atom",
    "websocket"
  ]
  revision = "84f0e6f92b10139f986b1756e149a7d9de270cdc"

[solve-meta]
  analyzer-name = "dep"
  analyzer-version = 1
  inputs-digest = "119508b396cf21d8ad35b1109f9546f90bdd8a87facf0a4c8e5d765ede080271"
  solver-name = "gps-cdcl"
  solver-version = 1
